<?xml version="1.0" encoding="utf-8"?>
<Project ToolsVersion="4.0" xmlns="http://schemas.microsoft.com/developer/msbuild/2003">
  <ItemGroup>
    <Filter Include="Archivos de código fuente">
      <UniqueIdentifier>{4FC737F1-C7A5-4376-A066-2A32D752A2FF}</UniqueIdentifier>
      <Extensions>cpp;c;cc;cxx;def;odl;idl;hpj;bat;asm;asmx</Extensions>
    </Filter>
    <Filter Include="Archivos de encabezado">
      <UniqueIdentifier>{93995380-89BD-4b04-88EB-625FBE52EBFB}</UniqueIdentifier>
      <Extensions>h;hh;hpp;hxx;hm;inl;inc;xsd</Extensions>
    </Filter>
    <Filter Include="Archivos de recursos">
      <UniqueIdentifier>{67DA6AB6-F800-4c08-8B7A-83BB121AAD01}</UniqueIdentifier>
      <Extensions>rc;ico;cur;bmp;dlg;rc2;rct;bin;rgs;gif;jpg;jpeg;jpe;resx;tiff;tif;png;wav;mfcribbon-ms</Extensions>
    </Filter>
  </ItemGroup>
  <ItemGroup>
    <ClCompile Include="C:\vlfeat\vl\aib.c">
      <Filter>Archivos de código fuente</Filter>
    </ClCompile>
    <ClCompile Include="C:\vlfeat\vl\array.c">
      <Filter>Archivos de código fuente</Filter>
    </ClCompile>
    <ClCompile Include="C:\vlfeat\vl\covdet.c">
      <Filter>Archivos de código fuente</Filter>
    </ClCompile>
    <ClCompile Include="C:\vlfeat\vl\dsift.c">
      <Filter>Archivos de código fuente</Filter>
    </ClCompile>
    <ClCompile Include="C:\vlfeat\vl\fisher.c">
      <Filter>Archivos de código fuente</Filter>
    </ClCompile>
    <ClCompile Include="C:\vlfeat\vl\generic.c">
      <Filter>Archivos de código fuente</Filter>
    </ClCompile>
    <ClCompile Include="C:\vlfeat\vl\getopt_long.c">
      <Filter>Archivos de código fuente</Filter>
    </ClCompile>
    <ClCompile Include="C:\vlfeat\vl\gmm.c">
      <Filter>Archivos de código fuente</Filter>
    </ClCompile>
    <ClCompile Include="C:\vlfeat\vl\hikmeans.c">
      <Filter>Archivos de código fuente</Filter>
    </ClCompile>
    <ClCompile Include="C:\vlfeat\vl\hog.c">
      <Filter>Archivos de código fuente</Filter>
    </ClCompile>
    <ClCompile Include="C:\vlfeat\vl\homkermap.c">
      <Filter>Archivos de código fuente</Filter>
    </ClCompile>
    <ClCompile Include="C:\vlfeat\vl\host.c">
      <Filter>Archivos de código fuente</Filter>
    </ClCompile>
    <ClCompile Include="C:\vlfeat\vl\ikmeans.c">
      <Filter>Archivos de código fuente</Filter>
    </ClCompile>
    <ClCompile Include="C:\vlfeat\vl\imopv.c">
      <Filter>Archivos de código fuente</Filter>
    </ClCompile>
    <ClCompile Include="C:\vlfeat\vl\imopv_sse2.c">
      <Filter>Archivos de código fuente</Filter>
    </ClCompile>
    <ClCompile Include="C:\vlfeat\vl\kdtree.c">
      <Filter>Archivos de código fuente</Filter>
    </ClCompile>
    <ClCompile Include="C:\vlfeat\vl\kmeans.c">
      <Filter>Archivos de código fuente</Filter>
    </ClCompile>
    <ClCompile Include="C:\vlfeat\vl\lbp.c">
      <Filter>Archivos de código fuente</Filter>
    </ClCompile>
    <ClCompile Include="C:\vlfeat\vl\liop.c">
      <Filter>Archivos de código fuente</Filter>
    </ClCompile>
    <ClCompile Include="C:\vlfeat\vl\mathop.c">
      <Filter>Archivos de código fuente</Filter>
    </ClCompile>
    <ClCompile Include="C:\vlfeat\vl\mathop_avx.c">
      <Filter>Archivos de código fuente</Filter>
    </ClCompile>
    <ClCompile Include="C:\vlfeat\vl\mathop_sse2.c">
      <Filter>Archivos de código fuente</Filter>
    </ClCompile>
    <ClCompile Include="C:\vlfeat\vl\mser.c">
      <Filter>Archivos de código fuente</Filter>
    </ClCompile>
    <ClCompile Include="C:\vlfeat\vl\pgm.c">
      <Filter>Archivos de código fuente</Filter>
    </ClCompile>
    <ClCompile Include="C:\vlfeat\vl\quickshift.c">
      <Filter>Archivos de código fuente</Filter>
    </ClCompile>
    <ClCompile Include="C:\vlfeat\vl\random.c">
      <Filter>Archivos de código fuente</Filter>
    </ClCompile>
    <ClCompile Include="C:\vlfeat\vl\rodrigues.c">
      <Filter>Archivos de código fuente</Filter>
    </ClCompile>
    <ClCompile Include="C:\vlfeat\vl\scalespace.c">
      <Filter>Archivos de código fuente</Filter>
    </ClCompile>
    <ClCompile Include="C:\vlfeat\vl\sift.c">
      <Filter>Archivos de código fuente</Filter>
    </ClCompile>
    <ClCompile Include="C:\vlfeat\vl\slic.c">
      <Filter>Archivos de código fuente</Filter>
    </ClCompile>
    <ClCompile Include="C:\vlfeat\vl\stringop.c">
      <Filter>Archivos de código fuente</Filter>
    </ClCompile>
    <ClCompile Include="C:\vlfeat\vl\svm.c">
      <Filter>Archivos de código fuente</Filter>
    </ClCompile>
    <ClCompile Include="C:\vlfeat\vl\svmdataset.c">
      <Filter>Archivos de código fuente</Filter>
    </ClCompile>
    <ClCompile Include="C:\vlfeat\vl\vlad.c">
      <Filter>Archivos de código fuente</Filter>
    </ClCompile>
  </ItemGroup>
  <ItemGroup>
    <ClInclude Include="C:\vlfeat\vl\aib.h">
      <Filter>Archivos de encabezado</Filter>
    </ClInclude>
    <ClInclude Include="C:\vlfeat\vl\array.h">
      <Filter>Archivos de encabezado</Filter>
    </ClInclude>
    <ClInclude Include="C:\vlfeat\vl\covdet.h">
      <Filter>Archivos de encabezado</Filter>
    </ClInclude>
    <ClInclude Include="C:\vlfeat\vl\dsift.h">
      <Filter>Archivos de encabezado</Filter>
    </ClInclude>
    <ClInclude Include="C:\vlfeat\vl\fisher.h">
      <Filter>Archivos de encabezado</Filter>
    </ClInclude>
    <ClInclude Include="C:\vlfeat\vl\generic.h">
      <Filter>Archivos de encabezado</Filter>
    </ClInclude>
    <ClInclude Include="C:\vlfeat\vl\getopt_long.h">
      <Filter>Archivos de encabezado</Filter>
    </ClInclude>
    <ClInclude Include="C:\vlfeat\vl\gmm.h">
      <Filter>Archivos de encabezado</Filter>
    </ClInclude>
    <ClInclude Include="C:\vlfeat\vl\heap-def.h">
      <Filter>Archivos de encabezado</Filter>
    </ClInclude>
    <ClInclude Include="C:\vlfeat\vl\hikmeans.h">
      <Filter>Archivos de encabezado</Filter>
    </ClInclude>
    <ClInclude Include="C:\vlfeat\vl\hog.h">
      <Filter>Archivos de encabezado</Filter>
    </ClInclude>
    <ClInclude Include="C:\vlfeat\vl\homkermap.h">
      <Filter>Archivos de encabezado</Filter>
    </ClInclude>
    <ClInclude Include="C:\vlfeat\vl\host.h">
      <Filter>Archivos de encabezado</Filter>
    </ClInclude>
    <ClInclude Include="C:\vlfeat\vl\ikmeans.h">
      <Filter>Archivos de encabezado</Filter>
    </ClInclude>
    <ClInclude Include="C:\vlfeat\vl\imopv.h">
      <Filter>Archivos de encabezado</Filter>
    </ClInclude>
    <ClInclude Include="C:\vlfeat\vl\imopv_sse2.h">
      <Filter>Archivos de encabezado</Filter>
    </ClInclude>
    <ClInclude Include="C:\vlfeat\vl\kdtree.h">
      <Filter>Archivos de encabezado</Filter>
    </ClInclude>
    <ClInclude Include="C:\vlfeat\vl\kmeans.h">
      <Filter>Archivos de encabezado</Filter>
    </ClInclude>
    <ClInclude Include="C:\vlfeat\vl\lbp.h">
      <Filter>Archivos de encabezado</Filter>
    </ClInclude>
    <ClInclude Include="C:\vlfeat\vl\liop.h">
      <Filter>Archivos de encabezado</Filter>
    </ClInclude>
    <ClInclude Include="C:\vlfeat\vl\mathop.h">
      <Filter>Archivos de encabezado</Filter>
    </ClInclude>
    <ClInclude Include="C:\vlfeat\vl\mathop_avx.h">
      <Filter>Archivos de encabezado</Filter>
    </ClInclude>
    <ClInclude Include="C:\vlfeat\vl\mathop_sse2.h">
      <Filter>Archivos de encabezado</Filter>
    </ClInclude>
    <ClInclude Include="C:\vlfeat\vl\mser.h">
      <Filter>Archivos de encabezado</Filter>
    </ClInclude>
    <ClInclude Include="C:\vlfeat\vl\pgm.h">
      <Filter>Archivos de encabezado</Filter>
    </ClInclude>
    <ClInclude Include="C:\vlfeat\vl\qsort-def.h">
      <Filter>Archivos de encabezado</Filter>
    </ClInclude>
    <ClInclude Include="C:\vlfeat\vl\quickshift.h">
      <Filter>Archivos de encabezado</Filter>
    </ClInclude>
    <ClInclude Include="C:\vlfeat\vl\random.h">
      <Filter>Archivos de encabezado</Filter>
    </ClInclude>
    <ClInclude Include="C:\vlfeat\vl\rodrigues.h">
      <Filter>Archivos de encabezado</Filter>
    </ClInclude>
    <ClInclude Include="C:\vlfeat\vl\scalespace.h">
      <Filter>Archivos de encabezado</Filter>
    </ClInclude>
    <ClInclude Include="C:\vlfeat\vl\shuffle-def.h">
      <Filter>Archivos de encabezado</Filter>
    </ClInclude>
    <ClInclude Include="C:\vlfeat\vl\sift.h">
      <Filter>Archivos de encabezado</Filter>
    </ClInclude>
    <ClInclude Include="C:\vlfeat\vl\slic.h">
      <Filter>Archivos de encabezado</Filter>
    </ClInclude>
    <ClInclude Include="C:\vlfeat\vl\stringop.h">
      <Filter>Archivos de encabezado</Filter>
    </ClInclude>
    <ClInclude Include="C:\vlfeat\vl\svm.h">
      <Filter>Archivos de encabezado</Filter>
    </ClInclude>
    <ClInclude Include="C:\vlfeat\vl\svmdataset.h">
      <Filter>Archivos de encabezado</Filter>
    </ClInclude>
    <ClInclude Include="C:\vlfeat\vl\vlad.h">
      <Filter>Archivos de encabezado</Filter>
    </ClInclude>
  </ItemGroup>
  <ItemGroup>
    <None Include="C:\vlfeat\vl\float.th" />
    <None Include="C:\vlfeat\vl\ikmeans_elkan.tc" />
    <None Include="C:\vlfeat\vl\ikmeans_init.tc" />
    <None Include="C:\vlfeat\vl\ikmeans_lloyd.tc" />
  </ItemGroup>
</Project>